// !$*UTF8*$!
{
	archiveVersion = 1;
	classes = {
	};
	objectVersion = 56;
	objects = {

/* Begin PBXBuildFile section */
		63882AF029B701D90019113C /* AppDelegate.swift in Sources */ = {isa = PBXBuildFile; fileRef = 63882AEF29B701D90019113C /* AppDelegate.swift */; };
		63882AF229B701D90019113C /* SceneDelegate.swift in Sources */ = {isa = PBXBuildFile; fileRef = 63882AF129B701D90019113C /* SceneDelegate.swift */; };
		63882AF429B701D90019113C /* MoviesViewController.swift in Sources */ = {isa = PBXBuildFile; fileRef = 63882AF329B701D90019113C /* MoviesViewController.swift */; };
		63882AF729B701D90019113C /* Main.storyboard in Resources */ = {isa = PBXBuildFile; fileRef = 63882AF529B701D90019113C /* Main.storyboard */; };
		63882AF929B701DA0019113C /* AppIcon in Resources */ = {isa = PBXBuildFile; fileRef = 63882AF829B701DA0019113C /* AppIcon */; };
		63882AFC29B701DA0019113C /* LaunchScreen.storyboard in Resources */ = {isa = PBXBuildFile; fileRef = 63882AFA29B701DA0019113C /* LaunchScreen.storyboard */; };
		63882B0429B704500019113C /* Movie.swift in Sources */ = {isa = PBXBuildFile; fileRef = 63882B0329B704500019113C /* Movie.swift */; };
		63882B0629B717BD0019113C /* MovieCell.swift in Sources */ = {isa = PBXBuildFile; fileRef = 63882B0529B717BD0019113C /* MovieCell.swift */; };
		63882B0929B719C50019113C /* Nuke in Frameworks */ = {isa = PBXBuildFile; productRef = 63882B0829B719C50019113C /* Nuke */; };
		63882B0B29B7208E0019113C /* DetailViewController.swift in Sources */ = {isa = PBXBuildFile; fileRef = 63882B0A29B7208E0019113C /* DetailViewController.swift */; };
/* End PBXBuildFile section */

/* Begin PBXFileReference section */
		63882AEC29B701D90019113C /* myProject2.app */ = {isa = PBXFileReference; explicitFileType = wrapper.application; includeInIndex = 0; path = myProject2.app; sourceTree = BUILT_PRODUCTS_DIR; };
		63882AEF29B701D90019113C /* AppDelegate.swift */ = {isa = PBXFileReference; lastKnownFileType = sourcecode.swift; path = AppDelegate.swift; sourceTree = "<group>"; };
		63882AF129B701D90019113C /* SceneDelegate.swift */ = {isa = PBXFileReference; lastKnownFileType = sourcecode.swift; path = SceneDelegate.swift; sourceTree = "<group>"; };
		63882AF329B701D90019113C /* MoviesViewController.swift */ = {isa = PBXFileReference; lastKnownFileType = sourcecode.swift; path = MoviesViewController.swift; sourceTree = "<group>"; };
		63882AF629B701D90019113C /* Base */ = {isa = PBXFileReference; lastKnownFileType = file.storyboard; name = Base; path = Base.lproj/Main.storyboard; sourceTree = "<group>"; };
		63882AF829B701DA0019113C /* AppIcon */ = {isa = PBXFileReference; lastKnownFileType = folder; path = AppIcon; sourceTree = "<group>"; };
		63882AFB29B701DA0019113C /* Base */ = {isa = PBXFileReference; lastKnownFileType = file.storyboard; name = Base; path = Base.lproj/LaunchScreen.storyboard; sourceTree = "<group>"; };
		63882AFD29B701DA0019113C /* Info.plist */ = {isa = PBXFileReference; lastKnownFileType = text.plist.xml; path = Info.plist; sourceTree = "<group>"; };
		63882B0329B704500019113C /* Movie.swift */ = {isa = PBXFileReference; lastKnownFileType = sourcecode.swift; path = Movie.swift; sourceTree = "<group>"; };
		63882B0529B717BD0019113C /* MovieCell.swift */ = {isa = PBXFileReference; lastKnownFileType = sourcecode.swift; path = MovieCell.swift; sourceTree = "<group>"; };
		63882B0A29B7208E0019113C /* DetailViewController.swift */ = {isa = PBXFileReference; lastKnownFileType = sourcecode.swift; path = DetailViewController.swift; sourceTree = "<group>"; };
/* End PBXFileReference section */

/* Begin PBXFrameworksBuildPhase section */
		63882AE929B701D90019113C /* Frameworks */ = {
			isa = PBXFrameworksBuildPhase;
			buildActionMask = 2147483647;
			files = (
				63882B0929B719C50019113C /* Nuke in Frameworks */,
			);
			runOnlyForDeploymentPostprocessing = 0;
		};
/* End PBXFrameworksBuildPhase section */

/* Begin PBXGroup section */
		63882AE329B701D90019113C = {
			isa = PBXGroup;
			children = (
				63882AEE29B701D90019113C /* myProject2 */,
				63882AED29B701D90019113C /* Products */,
			);
			sourceTree = "<group>";
		};
		63882AED29B701D90019113C /* Products */ = {
			isa = PBXGroup;
			children = (
				63882AEC29B701D90019113C /* myProject2.app */,
			);
			name = Products;
			sourceTree = "<group>";
		};
		63882AEE29B701D90019113C /* myProject2 */ = {
			isa = PBXGroup;
			children = (
				63882AF329B701D90019113C /* MoviesViewController.swift */,
				63882B0329B704500019113C /* Movie.swift */,
				63882B0A29B7208E0019113C /* DetailViewController.swift */,
				63882AEF29B701D90019113C /* AppDelegate.swift */,
				63882AF129B701D90019113C /* SceneDelegate.swift */,
				63882B0529B717BD0019113C /* MovieCell.swift */,
				63882AF529B701D90019113C /* Main.storyboard */,
				63882AF829B701DA0019113C /* AppIcon */,
				63882AFA29B701DA0019113C /* LaunchScreen.storyboard */,
				63882AFD29B701DA0019113C /* Info.plist */,
			);
			path = myProject2;
			sourceTree = "<group>";
		};
/* End PBXGroup section */

/* Begin PBXNativeTarget section */
		63882AEB29B701D90019113C /* myProject2 */ = {
			isa = PBXNativeTarget;
			buildConfigurationList = 63882B0029B701DA0019113C /* Build configuration list for PBXNativeTarget "myProject2" */;
			buildPhases = (
				63882AE829B701D90019113C /* Sources */,
				63882AE929B701D90019113C /* Frameworks */,
				63882AEA29B701D90019113C /* Resources */,
			);
			buildRules = (
			);
			dependencies = (
			);
			name = myProject2;
			packageProductDependencies = (
				63882B0829B719C50019113C /* Nuke */,
			);
			productName = myProject2;
			productReference = 63882AEC29B701D90019113C /* myProject2.app */;
			productType = "com.apple.product-type.application";
		};
/* End PBXNativeTarget section */

/* Begin PBXProject section */
		63882AE429B701D90019113C /* Project object */ = {
			isa = PBXProject;
			attributes = {
				BuildIndependentTargetsInParallel = 1;
				LastSwiftUpdateCheck = 1420;
				LastUpgradeCheck = 1420;
				TargetAttributes = {
					63882AEB29B701D90019113C = {
						CreatedOnToolsVersion = 14.2;
					};
				};
			};
			buildConfigurationList = 63882AE729B701D90019113C /* Build configuration list for PBXProject "myProject2" */;
			compatibilityVersion = "Xcode 14.0";
			developmentRegion = en;
			hasScannedForEncodings = 0;
			knownRegions = (
				en,
				Base,
			);
			mainGroup = 63882AE329B701D90019113C;
			packageReferences = (
				63882B0729B719C50019113C /* XCRemoteSwiftPackageReference "Nuke" */,
			);
			productRefGroup = 63882AED29B701D90019113C /* Products */;
			projectDirPath = "";
			projectRoot = "";
			targets = (
				63882AEB29B701D90019113C /* myProject2 */,
			);
		};
/* End PBXProject section */

/* Begin PBXResourcesBuildPhase section */
		63882AEA29B701D90019113C /* Resources */ = {
			isa = PBXResourcesBuildPhase;
			buildActionMask = 2147483647;
			files = (
				63882AFC29B701DA0019113C /* LaunchScreen.storyboard in Resources */,
				63882AF929B701DA0019113C /* AppIcon in Resources */,
				63882AF729B701D90019113C /* Main.storyboard in Resources */,
			);
			runOnlyForDeploymentPostprocessing = 0;
		};
/* End PBXResourcesBuildPhase section */

/* Begin PBXSourcesBuildPhase section */
		63882AE829B701D90019113C /* Sources */ = {
			isa = PBXSourcesBuildPhase;
			buildActionMask = 2147483647;
			files = (
				63882AF429B701D90019113C /* MoviesViewController.swift in Sources */,
				63882AF029B701D90019113C /* AppDelegate.swift in Sources */,
				63882B0429B704500019113C /* Movie.swift in Sources */,
				63882B0B29B7208E0019113C /* DetailViewController.swift in Sources */,
				63882B0629B717BD0019113C /* MovieCell.swift in Sources */,
				63882AF229B701D90019113C /* SceneDelegate.swift in Sources */,
			);
			runOnlyForDeploymentPostprocessing = 0;
		};
/* End PBXSourcesBuildPhase section */

/* Begin PBXVariantGroup section */
		63882AF529B701D90019113C /* Main.storyboard */ = {
			isa = PBXVariantGroup;
			children = (
				63882AF629B701D90019113C /* Base */,
			);
			name = Main.storyboard;
			sourceTree = "<group>";
		};
		63882AFA29B701DA0019113C /* LaunchScreen.storyboard */ = {
			isa = PBXVariantGroup;
			children = (
				63882AFB29B701DA0019113C /* Base */,
			);
			name = LaunchScreen.storyboard;
			sourceTree = "<group>";
		};
/* End PBXVariantGroup section */

/* Begin XCBuildConfiguration section */
		63882AFE29B701DA0019113C /* Debug */ = {
			isa = XCBuildConfiguration;
			buildSettings = {
				ALWAYS_SEARCH_USER_PATHS = NO;
				CLANG_ANALYZER_NONNULL = YES;
				CLANG_ANALYZER_NUMBER_OBJECT_CONVERSION = YES_AGGRESSIVE;
				CLANG_CXX_LANGUAGE_STANDARD = "gnu++20";
				CLANG_ENABLE_MODULES = YES;
				CLANG_ENABLE_OBJC_ARC = YES;
				CLANG_ENABLE_OBJC_WEAK = YES;
				CLANG_WARN_BLOCK_CAPTURE_AUTORELEASING = YES;
				CLANG_WARN_BOOL_CONVERSION = YES;
				CLANG_WARN_COMMA = YES;
				CLANG_WARN_CONSTANT_CONVERSION = YES;
				CLANG_WARN_DEPRECATED_OBJC_IMPLEMENTATIONS = YES;
				CLANG_WARN_DIRECT_OBJC_ISA_USAGE = YES_ERROR;
				CLANG_WARN_DOCUMENTATION_COMMENTS = YES;
				CLANG_WARN_EMPTY_BODY = YES;
				CLANG_WARN_ENUM_CONVERSION = YES;
				CLANG_WARN_INFINITE_RECURSION = YES;
				CLANG_WARN_INT_CONVERSION = YES;
				CLANG_WARN_NON_LITERAL_NULL_CONVERSION = YES;
				CLANG_WARN_OBJC_IMPLICIT_RETAIN_SELF = YES;
				CLANG_WARN_OBJC_LITERAL_CONVERSION = YES;
				CLANG_WARN_OBJC_ROOT_CLASS = YES_ERROR;
				CLANG_WARN_QUOTED_INCLUDE_IN_FRAMEWORK_HEADER = YES;
				CLANG_WARN_RANGE_LOOP_ANALYSIS = YES;
				CLANG_WARN_STRICT_PROTOTYPES = YES;
				CLANG_WARN_SUSPICIOUS_MOVE = YES;
				CLANG_WARN_UNGUARDED_AVAILABILITY = YES_AGGRESSIVE;
				CLANG_WARN_UNREACHABLE_CODE = YES;
				CLANG_WARN__DUPLICATE_METHOD_MATCH = YES;
				COPY_PHASE_STRIP = NO;
				DEBUG_INFORMATION_FORMAT = dwarf;
				ENABLE_STRICT_OBJC_MSGSEND = YES;
				ENABLE_TESTABILITY = YES;
				GCC_C_LANGUAGE_STANDARD = gnu11;
				GCC_DYNAMIC_NO_PIC = NO;
				GCC_NO_COMMON_BLOCKS = YES;
				GCC_OPTIMIZATION_LEVEL = 0;
				GCC_PREPROCESSOR_DEFINITIONS = (
					"DEBUG=1",
					"$(inherited)",
				);
				GCC_WARN_64_TO_32_BIT_CONVERSION = YES;
				GCC_WARN_ABOUT_RETURN_TYPE = YES_ERROR;
				GCC_WARN_UNDECLARED_SELECTOR = YES;
				GCC_WARN_UNINITIALIZED_AUTOS = YES_AGGRESSIVE;
				GCC_WARN_UNUSED_FUNCTION = YES;
				GCC_WARN_UNUSED_VARIABLE = YES;
				IPHONEOS_DEPLOYMENT_TARGET = 16.2;
				MTL_ENABLE_DEBUG_INFO = INCLUDE_SOURCE;
				MTL_FAST_MATH = YES;
				ONLY_ACTIVE_ARCH = YES;
				SDKROOT = iphoneos;
				SWIFT_ACTIVE_COMPILATION_CONDITIONS = DEBUG;
				SWIFT_OPTIMIZATION_LEVEL = "-Onone";
			};
			name = Debug;
		};
		63882AFF29B701DA0019113C /* Release */ = {
			isa = XCBuildConfiguration;
			buildSettings = {
				ALWAYS_SEARCH_USER_PATHS = NO;
				CLANG_ANALYZER_NONNULL = YES;
				CLANG_ANALYZER_NUMBER_OBJECT_CONVERSION = YES_AGGRESSIVE;
				CLANG_CXX_LANGUAGE_STANDARD = "gnu++20";
				CLANG_ENABLE_MODULES = YES;
				CLANG_ENABLE_OBJC_ARC = YES;
				CLANG_ENABLE_OBJC_WEAK = YES;
				CLANG_WARN_BLOCK_CAPTURE_AUTORELEASING = YES;
				CLANG_WARN_BOOL_CONVERSION = YES;
				CLANG_WARN_COMMA = YES;
				CLANG_WARN_CONSTANT_CONVERSION = YES;
				CLANG_WARN_DEPRECATED_OBJC_IMPLEMENTATIONS = YES;
				CLANG_WARN_DIRECT_OBJC_ISA_USAGE = YES_ERROR;
				CLANG_WARN_DOCUMENTATION_COMMENTS = YES;
				CLANG_WARN_EMPTY_BODY = YES;
				CLANG_WARN_ENUM_CONVERSION = YES;
				CLANG_WARN_INFINITE_RECURSION = YES;
				CLANG_WARN_INT_CONVERSION = YES;
				CLANG_WARN_NON_LITERAL_NULL_CONVERSION = YES;
				CLANG_WARN_OBJC_IMPLICIT_RETAIN_SELF = YES;
				CLANG_WARN_OBJC_LITERAL_CONVERSION = YES;
				CLANG_WARN_OBJC_ROOT_CLASS = YES_ERROR;
				CLANG_WARN_QUOTED_INCLUDE_IN_FRAMEWORK_HEADER = YES;
				CLANG_WARN_RANGE_LOOP_ANALYSIS = YES;
				CLANG_WARN_STRICT_PROTOTYPES = YES;
				CLANG_WARN_SUSPICIOUS_MOVE = YES;
				CLANG_WARN_UNGUARDED_AVAILABILITY = YES_AGGRESSIVE;
				CLANG_WARN_UNREACHABLE_CODE = YES;
				CLANG_WARN__DUPLICATE_METHOD_MATCH = YES;
				COPY_PHASE_STRIP = NO;
				DEBUG_INFORMATION_FORMAT = "dwarf-with-dsym";
				ENABLE_NS_ASSERTIONS = NO;
				ENABLE_STRICT_OBJC_MSGSEND = YES;
				GCC_C_LANGUAGE_STANDARD = gnu11;
				GCC_NO_COMMON_BLOCKS = YES;
				GCC_WARN_64_TO_32_BIT_CONVERSION = YES;
				GCC_WARN_ABOUT_RETURN_TYPE = YES_ERROR;
				GCC_WARN_UNDECLARED_SELECTOR = YES;
				GCC_WARN_UNINITIALIZED_AUTOS = YES_AGGRESSIVE;
				GCC_WARN_UNUSED_FUNCTION = YES;
				GCC_WARN_UNUSED_VARIABLE = YES;
				IPHONEOS_DEPLOYMENT_TARGET = 16.2;
				MTL_ENABLE_DEBUG_INFO = NO;
				MTL_FAST_MATH = YES;
				SDKROOT = iphoneos;
				SWIFT_COMPILATION_MODE = wholemodule;
				SWIFT_OPTIMIZATION_LEVEL = "-O";
				VALIDATE_PRODUCT = YES;
			};
			name = Release;
		};
		63882B0129B701DA0019113C /* Debug */ = {
			isa = XCBuildConfiguration;
			buildSettings = {
				ASSETCATALOG_COMPILER_APPICON_NAME = AppIcon;
				ASSETCATALOG_COMPILER_GLOBAL_ACCENT_COLOR_NAME = AccentColor;
				CODE_SIGN_STYLE = Automatic;
				CURRENT_PROJECT_VERSION = 1;
				DEVELOPMENT_TEAM = XDAV823W7C;
				GENERATE_INFOPLIST_FILE = YES;
				INFOPLIST_FILE = myProject2/Info.plist;
				INFOPLIST_KEY_UIApplicationSupportsIndirectInputEvents = YES;
				INFOPLIST_KEY_UILaunchStoryboardName = LaunchScreen;
				INFOPLIST_KEY_UIMainStoryboardFile = Main;
				INFOPLIST_KEY_UISupportedInterfaceOrientations_iPad = "UIInterfaceOrientationPortrait UIInterfaceOrientationPortraitUpsideDown UIInterfaceOrientationLandscapeLeft UIInterfaceOrientationLandscapeRight";
				INFOPLIST_KEY_UISupportedInterfaceOrientations_iPhone = "UIInterfaceOrientationPortrait UIInterfaceOrientationLandscapeLeft UIInterfaceOrientationLandscapeRight";
				LD_RUNPATH_SEARCH_PATHS = (
					"$(inherited)",
					"@executable_path/Frameworks",
				);
				MARKETING_VERSION = 1.0;
				PRODUCT_BUNDLE_IDENTIFIER = com.david.myProject2;
				PRODUCT_NAME = "$(TARGET_NAME)";
				SWIFT_EMIT_LOC_STRINGS = YES;
				SWIFT_VERSION = 5.0;
				TARGETED_DEVICE_FAMILY = "1,2";
			};
			name = Debug;
		};
		63882B0229B701DA0019113C /* Release */ = {
			isa = XCBuildConfiguration;
			buildSettings = {
				ASSETCATALOG_COMPILER_APPICON_NAME = AppIcon;
				ASSETCATALOG_COMPILER_GLOBAL_ACCENT_COLOR_NAME = AccentColor;
				CODE_SIGN_STYLE = Automatic;
				CURRENT_PROJECT_VERSION = 1;
				DEVELOPMENT_TEAM = XDAV823W7C;
				GENERATE_INFOPLIST_FILE = YES;
				INFOPLIST_FILE = myProject2/Info.plist;
				INFOPLIST_KEY_UIApplicationSupportsIndirectInputEvents = YES;
				INFOPLIST_KEY_UILaunchStoryboardName = LaunchScreen;
				INFOPLIST_KEY_UIMainStoryboardFile = Main;
				INFOPLIST_KEY_UISupportedInterfaceOrientations_iPad = "UIInterfaceOrientationPortrait UIInterfaceOrientationPortraitUpsideDown UIInterfaceOrientationLandscapeLeft UIInterfaceOrientationLandscapeRight";
				INFOPLIST_KEY_UISupportedInterfaceOrientations_iPhone = "UIInterfaceOrientationPortrait UIInterfaceOrientationLandscapeLeft UIInterfaceOrientationLandscapeRight";
				LD_RUNPATH_SEARCH_PATHS = (
					"$(inherited)",
					"@executable_path/Frameworks",
				);
				MARKETING_VERSION = 1.0;
				PRODUCT_BUNDLE_IDENTIFIER = com.david.myProject2;
				PRODUCT_NAME = "$(TARGET_NAME)";
				SWIFT_EMIT_LOC_STRINGS = YES;
				SWIFT_VERSION = 5.0;
				TARGETED_DEVICE_FAMILY = "1,2";
			};
			name = Release;
		};
/* End XCBuildConfiguration section */

/* Begin XCConfigurationList section */
		63882AE729B701D90019113C /* Build configuration list for PBXProject "myProject2" */ = {
			isa = XCConfigurationList;
			buildConfigurations = (
				63882AFE29B701DA0019113C /* Debug */,
				63882AFF29B701DA0019113C /* Release */,
			);
			defaultConfigurationIsVisible = 0;
			defaultConfigurationName = Release;
		};
		63882B0029B701DA0019113C /* Build configuration list for PBXNativeTarget "myProject2" */ = {
			isa = XCConfigurationList;
			buildConfigurations = (
				63882B0129B701DA0019113C /* Debug */,
				63882B0229B701DA0019113C /* Release */,
			);
			defaultConfigurationIsVisible = 0;
			defaultConfigurationName = Release;
		};
/* End XCConfigurationList section */

/* Begin XCRemoteSwiftPackageReference section */
		63882B0729B719C50019113C /* XCRemoteSwiftPackageReference "Nuke" */ = {
			isa = XCRemoteSwiftPackageReference;
			repositoryURL = "https://github.com/kean/Nuke";
			requirement = {
				kind = exactVersion;
				version = 9.6.1;
			};
		};
/* End XCRemoteSwiftPackageReference section */

/* Begin XCSwiftPackageProductDependency section */
		63882B0829B719C50019113C /* Nuke */ = {
			isa = XCSwiftPackageProductDependency;
			package = 63882B0729B719C50019113C /* XCRemoteSwiftPackageReference "Nuke" */;
			productName = Nuke;
		};
/* End XCSwiftPackageProductDependency section */
	};
	rootObject = 63882AE429B701D90019113C /* Project object */;
}
